{
	"name": "pretty-vhdl",
	"version": "1.0.0",
	"lockfileVersion": 1,
	"requires": true,
	"dependencies": {
		"just-clone": {
			"version": "5.0.1",
			"resolved": "https://registry.npmjs.org/just-clone/-/just-clone-5.0.1.tgz",
			"integrity": "sha512-y6hFQ8X4fhJTZzdNvrE9mnCQX33uN4xV0hZ+5WNgs6yCcrRzs9ieFXuYRKznWqQ/gOSZpJu0yQ6hRHLCU6ezyw=="
		}
	}
}
